
Microsoft Visual Studio Solution File, Format Version 12.00
# Visual Studio Version 16
VisualStudioVersion = 16.0.31911.196
MinimumVisualStudioVersion = 10.0.40219.1
Project("{FAE04EC0-301F-11D3-BF4B-00C04F79EFBC}") = "ListViewDemo.Android", "ListViewDemo.Android\ListViewDemo.Android.csproj", "{FA02BB45-0083-44B0-9E27-D104E7410B04}"
EndProject
Project("{FAE04EC0-301F-11D3-BF4B-00C04F79EFBC}") = "ListViewDemo.iOS", "ListViewDemo.iOS\ListViewDemo.iOS.csproj", "{F55DB2DA-B3F6-422D-86AE-7F94AF398FE9}"
EndProject
Project("{FAE04EC0-301F-11D3-BF4B-00C04F79EFBC}") = "ListViewDemo", "ListViewDemo\ListViewDemo.csproj", "{22AA3BE7-F0DC-4914-A841-B275EA1FF819}"
EndProject
Global
	GlobalSection(SolutionConfigurationPlatforms) = preSolution
		Debug|Any CPU = Debug|Any CPU
		Debug|iPhone = Debug|iPhone
		Debug|iPhoneSimulator = Debug|iPhoneSimulator
		Release|Any CPU = Release|Any CPU
		Release|iPhone = Release|iPhone
		Release|iPhoneSimulator = Release|iPhoneSimulator
	EndGlobalSection
	GlobalSection(ProjectConfigurationPlatforms) = postSolution
		{FA02BB45-0083-44B0-9E27-D104E7410B04}.Debug|Any CPU.ActiveCfg = Debug|Any CPU
		{FA02BB45-0083-44B0-9E27-D104E7410B04}.Debug|Any CPU.Build.0 = Debug|Any CPU
		{FA02BB45-0083-44B0-9E27-D104E7410B04}.Debug|Any CPU.Deploy.0 = Debug|Any CPU
		{FA02BB45-0083-44B0-9E27-D104E7410B04}.Debug|iPhone.ActiveCfg = Debug|Any CPU
		{FA02BB45-0083-44B0-9E27-D104E7410B04}.Debug|iPhone.Build.0 = Debug|Any CPU
		{FA02BB45-0083-44B0-9E27-D104E7410B04}.Debug|iPhone.Deploy.0 = Debug|Any CPU
		{FA02BB45-0083-44B0-9E27-D104E7410B04}.Debug|iPhoneSimulator.ActiveCfg = Debug|Any CPU
		{FA02BB45-0083-44B0-9E27-D104E7410B04}.Debug|iPhoneSimulator.Build.0 = Debug|Any CPU
		{FA02BB45-0083-44B0-9E27-D104E7410B04}.Debug|iPhoneSimulator.Deploy.0 = Debug|Any CPU
		{FA02BB45-0083-44B0-9E27-D104E7410B04}.Release|Any CPU.ActiveCfg = Release|Any CPU
		{FA02BB45-0083-44B0-9E27-D104E7410B04}.Release|Any CPU.Build.0 = Release|Any CPU
		{FA02BB45-0083-44B0-9E27-D104E7410B04}.Release|Any CPU.Deploy.0 = Release|Any CPU
		{FA02BB45-0083-44B0-9E27-D104E7410B04}.Release|iPhone.ActiveCfg = Release|Any CPU
		{FA02BB45-0083-44B0-9E27-D104E7410B04}.Release|iPhone.Build.0 = Release|Any CPU
		{FA02BB45-0083-44B0-9E27-D104E7410B04}.Release|iPhone.Deploy.0 = Release|Any CPU
		{FA02BB45-0083-44B0-9E27-D104E7410B04}.Release|iPhoneSimulator.ActiveCfg = Release|Any CPU
		{FA02BB45-0083-44B0-9E27-D104E7410B04}.Release|iPhoneSimulator.Build.0 = Release|Any CPU
		{FA02BB45-0083-44B0-9E27-D104E7410B04}.Release|iPhoneSimulator.Deploy.0 = Release|Any CPU
		{F55DB2DA-B3F6-422D-86AE-7F94AF398FE9}.Debug|Any CPU.ActiveCfg = Debug|iPhone
		{F55DB2DA-B3F6-422D-86AE-7F94AF398FE9}.Debug|Any CPU.Build.0 = Debug|iPhone
		{F55DB2DA-B3F6-422D-86AE-7F94AF398FE9}.Debug|Any CPU.Deploy.0 = Debug|iPhone
		{F55DB2DA-B3F6-422D-86AE-7F94AF398FE9}.Debug|iPhone.ActiveCfg = Debug|iPhone
		{F55DB2DA-B3F6-422D-86AE-7F94AF398FE9}.Debug|iPhone.Build.0 = Debug|iPhone
		{F55DB2DA-B3F6-422D-86AE-7F94AF398FE9}.Debug|iPhone.Deploy.0 = Debug|iPhone
		{F55DB2DA-B3F6-422D-86AE-7F94AF398FE9}.Debug|iPhoneSimulator.ActiveCfg = Debug|iPhoneSimulator
		{F55DB2DA-B3F6-422D-86AE-7F94AF398FE9}.Debug|iPhoneSimulator.Build.0 = Debug|iPhoneSimulator
		{F55DB2DA-B3F6-422D-86AE-7F94AF398FE9}.Debug|iPhoneSimulator.Deploy.0 = Debug|iPhoneSimulator
		{F55DB2DA-B3F6-422D-86AE-7F94AF398FE9}.Release|Any CPU.ActiveCfg = Release|iPhoneSimulator
		{F55DB2DA-B3F6-422D-86AE-7F94AF398FE9}.Release|Any CPU.Build.0 = Release|iPhoneSimulator
		{F55DB2DA-B3F6-422D-86AE-7F94AF398FE9}.Release|Any CPU.Deploy.0 = Release|iPhoneSimulator
		{F55DB2DA-B3F6-422D-86AE-7F94AF398FE9}.Release|iPhone.ActiveCfg = Release|iPhone
		{F55DB2DA-B3F6-422D-86AE-7F94AF398FE9}.Release|iPhone.Build.0 = Release|iPhone
		{F55DB2DA-B3F6-422D-86AE-7F94AF398FE9}.Release|iPhone.Deploy.0 = Release|iPhone
		{F55DB2DA-B3F6-422D-86AE-7F94AF398FE9}.Release|iPhoneSimulator.ActiveCfg = Release|iPhoneSimulator
		{F55DB2DA-B3F6-422D-86AE-7F94AF398FE9}.Release|iPhoneSimulator.Build.0 = Release|iPhoneSimulator
		{F55DB2DA-B3F6-422D-86AE-7F94AF398FE9}.Release|iPhoneSimulator.Deploy.0 = Release|iPhoneSimulator
		{22AA3BE7-F0DC-4914-A841-B275EA1FF819}.Debug|Any CPU.ActiveCfg = Debug|Any CPU
		{22AA3BE7-F0DC-4914-A841-B275EA1FF819}.Debug|Any CPU.Build.0 = Debug|Any CPU
		{22AA3BE7-F0DC-4914-A841-B275EA1FF819}.Debug|Any CPU.Deploy.0 = Debug|Any CPU
		{22AA3BE7-F0DC-4914-A841-B275EA1FF819}.Debug|iPhone.ActiveCfg = Debug|Any CPU
		{22AA3BE7-F0DC-4914-A841-B275EA1FF819}.Debug|iPhone.Build.0 = Debug|Any CPU
		{22AA3BE7-F0DC-4914-A841-B275EA1FF819}.Debug|iPhone.Deploy.0 = Debug|Any CPU
		{22AA3BE7-F0DC-4914-A841-B275EA1FF819}.Debug|iPhoneSimulator.ActiveCfg = Debug|Any CPU
		{22AA3BE7-F0DC-4914-A841-B275EA1FF819}.Debug|iPhoneSimulator.Build.0 = Debug|Any CPU
		{22AA3BE7-F0DC-4914-A841-B275EA1FF819}.Debug|iPhoneSimulator.Deploy.0 = Debug|Any CPU
		{22AA3BE7-F0DC-4914-A841-B275EA1FF819}.Release|Any CPU.ActiveCfg = Release|Any CPU
		{22AA3BE7-F0DC-4914-A841-B275EA1FF819}.Release|Any CPU.Build.0 = Release|Any CPU
		{22AA3BE7-F0DC-4914-A841-B275EA1FF819}.Release|Any CPU.Deploy.0 = Release|Any CPU
		{22AA3BE7-F0DC-4914-A841-B275EA1FF819}.Release|iPhone.ActiveCfg = Release|Any CPU
		{22AA3BE7-F0DC-4914-A841-B275EA1FF819}.Release|iPhone.Build.0 = Release|Any CPU
		{22AA3BE7-F0DC-4914-A841-B275EA1FF819}.Release|iPhone.Deploy.0 = Release|Any CPU
		{22AA3BE7-F0DC-4914-A841-B275EA1FF819}.Release|iPhoneSimulator.ActiveCfg = Release|Any CPU
		{22AA3BE7-F0DC-4914-A841-B275EA1FF819}.Release|iPhoneSimulator.Build.0 = Release|Any CPU
		{22AA3BE7-F0DC-4914-A841-B275EA1FF819}.Release|iPhoneSimulator.Deploy.0 = Release|Any CPU
	EndGlobalSection
	GlobalSection(SolutionProperties) = preSolution
		HideSolutionNode = FALSE
	EndGlobalSection
	GlobalSection(ExtensibilityGlobals) = postSolution
		SolutionGuid = {08C578AB-0655-444D-98C1-ED44BE7796F8}
	EndGlobalSection
EndGlobal
